
Microsoft Visual Studio Solution File, Format Version 12.00
# Visual Studio Version 17
VisualStudioVersion = 17.8.34316.72
MinimumVisualStudioVersion = 10.0.40219.1
Project("{FAE04EC0-301F-11D3-BF4B-00C04F79EFBC}") = "WebApplication2", "WebApplication2.csproj", "{20541DCD-871B-4E30-86BE-DD8ADC492150}"
EndProject
Global
	GlobalSection(SolutionConfigurationPlatforms) = preSolution
		Debug|Any CPU = Debug|Any CPU
		Release|Any CPU = Release|Any CPU
	EndGlobalSection
	GlobalSection(ProjectConfigurationPlatforms) = postSolution
		{20541DCD-871B-4E30-86BE-DD8ADC492150}.Debug|Any CPU.ActiveCfg = Debug|Any CPU
		{20541DCD-871B-4E30-86BE-DD8ADC492150}.Debug|Any CPU.Build.0 = Debug|Any CPU
		{20541DCD-871B-4E30-86BE-DD8ADC492150}.Release|Any CPU.ActiveCfg = Release|Any CPU
		{20541DCD-871B-4E30-86BE-DD8ADC492150}.Release|Any CPU.Build.0 = Release|Any CPU
	EndGlobalSection
	GlobalSection(SolutionProperties) = preSolution
		HideSolutionNode = FALSE
	EndGlobalSection
	GlobalSection(ExtensibilityGlobals) = postSolution
		SolutionGuid = {E8CDE878-BAC3-438E-AD1B-495C5C126EB7}
	EndGlobalSection
EndGlobal
